
Microsoft Visual Studio Solution File, Format Version 12.00
# Visual Studio Version 16
VisualStudioVersion = 16.0.29926.136
MinimumVisualStudioVersion = 10.0.40219.1
Project("{FAE04EC0-301F-11D3-BF4B-00C04F79EFBC}") = "pokedex", "pokedex\pokedex.csproj", "{FD72BC0A-CA2A-4FB7-9ADC-B1E2A6593247}"
EndProject
Global
	GlobalSection(SolutionConfigurationPlatforms) = preSolution
		Debug|Any CPU = Debug|Any CPU
		Release|Any CPU = Release|Any CPU
	EndGlobalSection
	GlobalSection(ProjectConfigurationPlatforms) = postSolution
		{FD72BC0A-CA2A-4FB7-9ADC-B1E2A6593247}.Debug|Any CPU.ActiveCfg = Debug|Any CPU
		{FD72BC0A-CA2A-4FB7-9ADC-B1E2A6593247}.Debug|Any CPU.Build.0 = Debug|Any CPU
		{FD72BC0A-CA2A-4FB7-9ADC-B1E2A6593247}.Release|Any CPU.ActiveCfg = Release|Any CPU
		{FD72BC0A-CA2A-4FB7-9ADC-B1E2A6593247}.Release|Any CPU.Build.0 = Release|Any CPU
	EndGlobalSection
	GlobalSection(SolutionProperties) = preSolution
		HideSolutionNode = FALSE
	EndGlobalSection
	GlobalSection(ExtensibilityGlobals) = postSolution
		SolutionGuid = {B7DE20A4-24BC-4B23-8F98-A15F0C7DE599}
	EndGlobalSection
EndGlobal
